{
    "_readme": [
        "This file locks the dependencies of your project to a known state",
        "Read more about it at http://getcomposer.org/doc/01-basic-usage.md#composer-lock-the-lock-file",
        "This file is @generated automatically"
    ],
    "hash": "64b9f6629860ba40cc13aa83f1fd712f",
    "packages": [],
    "packages-dev": [
        {
            "name": "plainview/sdk",
            "version": "dev-master",
            "source": {
                "type": "git",
                "url": "https://github.com/the-plainview/sdk.git",
                "reference": "02900a3db9b1f27a8d1bee91a803674e025f1e93"
            },
            "dist": {
                "type": "zip",
                "url": "https://api.github.com/repos/the-plainview/sdk/zipball/02900a3db9b1f27a8d1bee91a803674e025f1e93",
                "reference": "02900a3db9b1f27a8d1bee91a803674e025f1e93",
                "shasum": ""
            },
            "require": {
                "php": ">=5.4.0"
            },
            "require-dev": {
                "php": ">=5.4.0"
            },
            "type": "library",
            "autoload": {
                "psr-4": {
                    "plainview\\sdk_pvam\\": "."
                }
            },
            "notification-url": "https://packagist.org/downloads/",
            "license": [
                "GPL-3.0"
            ],
            "authors": [
                {
                    "name": "Edward Plainview",
                    "email": "edward@plainview.se"
                }
            ],
            "description": "Plainview SDK",
            "time": "2014-11-16 12:45:36"
        }
    ],
    "aliases": [],
    "minimum-stability": "dev",
    "stability-flags": {
        "plainview/sdk": 20
    },
    "prefer-stable": false,
    "platform": [],
    "platform-dev": {
        "php": ">=5.4.0"
    }
}
